
Microsoft Visual Studio Solution File, Format Version 12.00
# Visual Studio Version 16
VisualStudioVersion = 16.0.31515.178
MinimumVisualStudioVersion = 10.0.40219.1
Project("{2150E333-8FDC-42A3-9474-1A3956D46DE8}") = "Source", "Source", "{BB2944C8-D27A-4EF4-B5F6-73D61EEF466A}"
EndProject
Project("{2150E333-8FDC-42A3-9474-1A3956D46DE8}") = "Documents", "Documents", "{DEAAC02C-F0E7-4918-9957-CA21D45C3429}"
EndProject
Project("{2150E333-8FDC-42A3-9474-1A3956D46DE8}") = "Core", "Core", "{D285C749-0BF7-447C-8EE8-ED1F95B90057}"
EndProject
Project("{2150E333-8FDC-42A3-9474-1A3956D46DE8}") = "Infrastructure", "Infrastructure", "{928C7D30-D192-4104-A546-C94A1D1A1885}"
EndProject
Project("{2150E333-8FDC-42A3-9474-1A3956D46DE8}") = "Common", "Common", "{EA7EEA52-7D3B-4E4C-BFEF-D94F00EB5BD8}"
EndProject
Project("{2150E333-8FDC-42A3-9474-1A3956D46DE8}") = "Presentation", "Presentation", "{23973E2E-F385-4CAF-A00A-3C412AAC8C58}"
EndProject
Project("{FAE04EC0-301F-11D3-BF4B-00C04F79EFBC}") = "My_Amlak.Common", "My_Amlak.Common\My_Amlak.Common.csproj", "{61F8B59A-A97D-40E4-BDDC-1280906693D2}"
EndProject
Project("{FAE04EC0-301F-11D3-BF4B-00C04F79EFBC}") = "My_Amlak.Domain", "My_Amlak.Domain\My_Amlak.Domain.csproj", "{F2458839-066E-4417-A635-84DB1AE033B8}"
EndProject
Project("{FAE04EC0-301F-11D3-BF4B-00C04F79EFBC}") = "My_Amlak.Application", "My_Amlak.Application\My_Amlak.Application.csproj", "{447A0C95-24C2-4940-AF51-98A067ADB621}"
EndProject
Project("{FAE04EC0-301F-11D3-BF4B-00C04F79EFBC}") = "My_Amlak.Infrastructure", "My_Amlak.Infrastructure\My_Amlak.Infrastructure.csproj", "{A77F7B0E-97A5-4661-89FD-72C4C2C11778}"
EndProject
Project("{FAE04EC0-301F-11D3-BF4B-00C04F79EFBC}") = "My_Amlak.Persistance", "My_Amlak.Persistance\My_Amlak.Persistance.csproj", "{6BFF1845-D507-477A-9075-08A984463A52}"
EndProject
Project("{FAE04EC0-301F-11D3-BF4B-00C04F79EFBC}") = "Site.Endpoint", "Site.Endpoint\Site.Endpoint.csproj", "{146D7813-7134-4876-A5B5-55DDC914649E}"
EndProject
Global
	GlobalSection(SolutionConfigurationPlatforms) = preSolution
		Debug|Any CPU = Debug|Any CPU
		Release|Any CPU = Release|Any CPU
	EndGlobalSection
	GlobalSection(ProjectConfigurationPlatforms) = postSolution
		{61F8B59A-A97D-40E4-BDDC-1280906693D2}.Debug|Any CPU.ActiveCfg = Debug|Any CPU
		{61F8B59A-A97D-40E4-BDDC-1280906693D2}.Debug|Any CPU.Build.0 = Debug|Any CPU
		{61F8B59A-A97D-40E4-BDDC-1280906693D2}.Release|Any CPU.ActiveCfg = Release|Any CPU
		{61F8B59A-A97D-40E4-BDDC-1280906693D2}.Release|Any CPU.Build.0 = Release|Any CPU
		{F2458839-066E-4417-A635-84DB1AE033B8}.Debug|Any CPU.ActiveCfg = Debug|Any CPU
		{F2458839-066E-4417-A635-84DB1AE033B8}.Debug|Any CPU.Build.0 = Debug|Any CPU
		{F2458839-066E-4417-A635-84DB1AE033B8}.Release|Any CPU.ActiveCfg = Release|Any CPU
		{F2458839-066E-4417-A635-84DB1AE033B8}.Release|Any CPU.Build.0 = Release|Any CPU
		{447A0C95-24C2-4940-AF51-98A067ADB621}.Debug|Any CPU.ActiveCfg = Debug|Any CPU
		{447A0C95-24C2-4940-AF51-98A067ADB621}.Debug|Any CPU.Build.0 = Debug|Any CPU
		{447A0C95-24C2-4940-AF51-98A067ADB621}.Release|Any CPU.ActiveCfg = Release|Any CPU
		{447A0C95-24C2-4940-AF51-98A067ADB621}.Release|Any CPU.Build.0 = Release|Any CPU
		{A77F7B0E-97A5-4661-89FD-72C4C2C11778}.Debug|Any CPU.ActiveCfg = Debug|Any CPU
		{A77F7B0E-97A5-4661-89FD-72C4C2C11778}.Debug|Any CPU.Build.0 = Debug|Any CPU
		{A77F7B0E-97A5-4661-89FD-72C4C2C11778}.Release|Any CPU.ActiveCfg = Release|Any CPU
		{A77F7B0E-97A5-4661-89FD-72C4C2C11778}.Release|Any CPU.Build.0 = Release|Any CPU
		{6BFF1845-D507-477A-9075-08A984463A52}.Debug|Any CPU.ActiveCfg = Debug|Any CPU
		{6BFF1845-D507-477A-9075-08A984463A52}.Debug|Any CPU.Build.0 = Debug|Any CPU
		{6BFF1845-D507-477A-9075-08A984463A52}.Release|Any CPU.ActiveCfg = Release|Any CPU
		{6BFF1845-D507-477A-9075-08A984463A52}.Release|Any CPU.Build.0 = Release|Any CPU
		{146D7813-7134-4876-A5B5-55DDC914649E}.Debug|Any CPU.ActiveCfg = Debug|Any CPU
		{146D7813-7134-4876-A5B5-55DDC914649E}.Debug|Any CPU.Build.0 = Debug|Any CPU
		{146D7813-7134-4876-A5B5-55DDC914649E}.Release|Any CPU.ActiveCfg = Release|Any CPU
		{146D7813-7134-4876-A5B5-55DDC914649E}.Release|Any CPU.Build.0 = Release|Any CPU
	EndGlobalSection
	GlobalSection(SolutionProperties) = preSolution
		HideSolutionNode = FALSE
	EndGlobalSection
	GlobalSection(NestedProjects) = preSolution
		{D285C749-0BF7-447C-8EE8-ED1F95B90057} = {BB2944C8-D27A-4EF4-B5F6-73D61EEF466A}
		{928C7D30-D192-4104-A546-C94A1D1A1885} = {BB2944C8-D27A-4EF4-B5F6-73D61EEF466A}
		{EA7EEA52-7D3B-4E4C-BFEF-D94F00EB5BD8} = {BB2944C8-D27A-4EF4-B5F6-73D61EEF466A}
		{23973E2E-F385-4CAF-A00A-3C412AAC8C58} = {BB2944C8-D27A-4EF4-B5F6-73D61EEF466A}
		{61F8B59A-A97D-40E4-BDDC-1280906693D2} = {EA7EEA52-7D3B-4E4C-BFEF-D94F00EB5BD8}
		{F2458839-066E-4417-A635-84DB1AE033B8} = {D285C749-0BF7-447C-8EE8-ED1F95B90057}
		{447A0C95-24C2-4940-AF51-98A067ADB621} = {D285C749-0BF7-447C-8EE8-ED1F95B90057}
		{A77F7B0E-97A5-4661-89FD-72C4C2C11778} = {928C7D30-D192-4104-A546-C94A1D1A1885}
		{6BFF1845-D507-477A-9075-08A984463A52} = {928C7D30-D192-4104-A546-C94A1D1A1885}
		{146D7813-7134-4876-A5B5-55DDC914649E} = {23973E2E-F385-4CAF-A00A-3C412AAC8C58}
	EndGlobalSection
	GlobalSection(ExtensibilityGlobals) = postSolution
		SolutionGuid = {0113315B-2F32-4379-9BD2-50FB5B07FB57}
	EndGlobalSection
EndGlobal
